// !$*UTF8*$!
{
	archiveVersion = 1;
	classes = {
	};
	objectVersion = 56;
	objects = {

/* Begin PBXBuildFile section */
		E90F3FB62C3C834A009C193B /* AutonewsApp.swift in Sources */ = {isa = PBXBuildFile; fileRef = E90F3FB52C3C834A009C193B /* AutonewsApp.swift */; };
		E90F3FB82C3C834A009C193B /* ContentView.swift in Sources */ = {isa = PBXBuildFile; fileRef = E90F3FB72C3C834A009C193B /* ContentView.swift */; };
		E90F3FBA2C3C834D009C193B /* Assets.xcassets in Resources */ = {isa = PBXBuildFile; fileRef = E90F3FB92C3C834D009C193B /* Assets.xcassets */; };
		E90F3FBD2C3C834D009C193B /* Preview Assets.xcassets in Resources */ = {isa = PBXBuildFile; fileRef = E90F3FBC2C3C834D009C193B /* Preview Assets.xcassets */; };
		E90F3FC92C3C843D009C193B /* NetworkingService.swift in Sources */ = {isa = PBXBuildFile; fileRef = E90F3FC82C3C843D009C193B /* NetworkingService.swift */; };
		E90F3FCB2C3C8445009C193B /* APIService.swift in Sources */ = {isa = PBXBuildFile; fileRef = E90F3FCA2C3C8445009C193B /* APIService.swift */; };
		E90F3FCF2C3C8455009C193B /* Endpoint.swift in Sources */ = {isa = PBXBuildFile; fileRef = E90F3FCE2C3C8455009C193B /* Endpoint.swift */; };
		E90F3FD12C3C8462009C193B /* QueryParameter.swift in Sources */ = {isa = PBXBuildFile; fileRef = E90F3FD02C3C8462009C193B /* QueryParameter.swift */; };
		E90F3FD42C3C8541009C193B /* HTTPMethod.swift in Sources */ = {isa = PBXBuildFile; fileRef = E90F3FD32C3C8541009C193B /* HTTPMethod.swift */; };
		E90F3FD62C3C8558009C193B /* Constants.swift in Sources */ = {isa = PBXBuildFile; fileRef = E90F3FD52C3C8558009C193B /* Constants.swift */; };
		E90F3FD82C3C864C009C193B /* NewsfeedService.swift in Sources */ = {isa = PBXBuildFile; fileRef = E90F3FD72C3C864C009C193B /* NewsfeedService.swift */; };
		E90F3FDB2C3C869E009C193B /* NewsfeedItemModel.swift in Sources */ = {isa = PBXBuildFile; fileRef = E90F3FDA2C3C869E009C193B /* NewsfeedItemModel.swift */; };
		E90F3FDD2C3C8710009C193B /* NewsfeedListModel.swift in Sources */ = {isa = PBXBuildFile; fileRef = E90F3FDC2C3C8710009C193B /* NewsfeedListModel.swift */; };
		E90F3FE12C3C8B2D009C193B /* NewsfeedListViewModel.swift in Sources */ = {isa = PBXBuildFile; fileRef = E90F3FE02C3C8B2D009C193B /* NewsfeedListViewModel.swift */; };
		E90F3FE32C3C8C36009C193B /* NewsfeedListView.swift in Sources */ = {isa = PBXBuildFile; fileRef = E90F3FE22C3C8C36009C193B /* NewsfeedListView.swift */; };
		E90F3FE62C3C8CFF009C193B /* NewsfeedListItemView.swift in Sources */ = {isa = PBXBuildFile; fileRef = E90F3FE52C3C8CFF009C193B /* NewsfeedListItemView.swift */; };
		E90F3FE82C3C8D10009C193B /* NewsfeedListItemViewModel.swift in Sources */ = {isa = PBXBuildFile; fileRef = E90F3FE72C3C8D10009C193B /* NewsfeedListItemViewModel.swift */; };
		E90F3FEB2C3C9BFD009C193B /* PageListViewModel.swift in Sources */ = {isa = PBXBuildFile; fileRef = E90F3FEA2C3C9BFD009C193B /* PageListViewModel.swift */; };
		E90F3FED2C3CA143009C193B /* PageListView.swift in Sources */ = {isa = PBXBuildFile; fileRef = E90F3FEC2C3CA143009C193B /* PageListView.swift */; };
		E90F3FF32C3D5BA2009C193B /* PaginationButton.swift in Sources */ = {isa = PBXBuildFile; fileRef = E90F3FF22C3D5BA2009C193B /* PaginationButton.swift */; };
		E90F3FF52C3D5CD4009C193B /* PaginationControlButton.swift in Sources */ = {isa = PBXBuildFile; fileRef = E90F3FF42C3D5CD4009C193B /* PaginationControlButton.swift */; };
		E90F3FF72C3D61AC009C193B /* PaginationView.swift in Sources */ = {isa = PBXBuildFile; fileRef = E90F3FF62C3D61AC009C193B /* PaginationView.swift */; };
		E90F3FF92C3D7067009C193B /* ImageLoader.swift in Sources */ = {isa = PBXBuildFile; fileRef = E90F3FF82C3D7067009C193B /* ImageLoader.swift */; };
		E90F3FFB2C3D7092009C193B /* Logger.swift in Sources */ = {isa = PBXBuildFile; fileRef = E90F3FFA2C3D7092009C193B /* Logger.swift */; };
		E90F3FFD2C3D70B7009C193B /* LocalFileManager.swift in Sources */ = {isa = PBXBuildFile; fileRef = E90F3FFC2C3D70B7009C193B /* LocalFileManager.swift */; };
		E90F3FFF2C3D7BD1009C193B /* TagView.swift in Sources */ = {isa = PBXBuildFile; fileRef = E90F3FFE2C3D7BD1009C193B /* TagView.swift */; };
		E90F40022C3D87E9009C193B /* String.swift in Sources */ = {isa = PBXBuildFile; fileRef = E90F40012C3D87E8009C193B /* String.swift */; };
		E90F40062C3D8E70009C193B /* NetworkMonitor.swift in Sources */ = {isa = PBXBuildFile; fileRef = E90F40052C3D8E70009C193B /* NetworkMonitor.swift */; };
		E90F40092C3D8F74009C193B /* OnNetworkChangeModifier.swift in Sources */ = {isa = PBXBuildFile; fileRef = E90F40082C3D8F74009C193B /* OnNetworkChangeModifier.swift */; };
		E90F400B2C3D92D6009C193B /* ShimmerView.swift in Sources */ = {isa = PBXBuildFile; fileRef = E90F400A2C3D92D6009C193B /* ShimmerView.swift */; };
/* End PBXBuildFile section */

/* Begin PBXFileReference section */
		E90F3FB22C3C834A009C193B /* Autonews.app */ = {isa = PBXFileReference; explicitFileType = wrapper.application; includeInIndex = 0; path = Autonews.app; sourceTree = BUILT_PRODUCTS_DIR; };
		E90F3FB52C3C834A009C193B /* AutonewsApp.swift */ = {isa = PBXFileReference; lastKnownFileType = sourcecode.swift; path = AutonewsApp.swift; sourceTree = "<group>"; };
		E90F3FB72C3C834A009C193B /* ContentView.swift */ = {isa = PBXFileReference; lastKnownFileType = sourcecode.swift; path = ContentView.swift; sourceTree = "<group>"; };
		E90F3FB92C3C834D009C193B /* Assets.xcassets */ = {isa = PBXFileReference; lastKnownFileType = folder.assetcatalog; path = Assets.xcassets; sourceTree = "<group>"; };
		E90F3FBC2C3C834D009C193B /* Preview Assets.xcassets */ = {isa = PBXFileReference; lastKnownFileType = folder.assetcatalog; path = "Preview Assets.xcassets"; sourceTree = "<group>"; };
		E90F3FC82C3C843D009C193B /* NetworkingService.swift */ = {isa = PBXFileReference; lastKnownFileType = sourcecode.swift; path = NetworkingService.swift; sourceTree = "<group>"; };
		E90F3FCA2C3C8445009C193B /* APIService.swift */ = {isa = PBXFileReference; lastKnownFileType = sourcecode.swift; path = APIService.swift; sourceTree = "<group>"; };
		E90F3FCE2C3C8455009C193B /* Endpoint.swift */ = {isa = PBXFileReference; lastKnownFileType = sourcecode.swift; path = Endpoint.swift; sourceTree = "<group>"; };
		E90F3FD02C3C8462009C193B /* QueryParameter.swift */ = {isa = PBXFileReference; lastKnownFileType = sourcecode.swift; path = QueryParameter.swift; sourceTree = "<group>"; };
		E90F3FD32C3C8541009C193B /* HTTPMethod.swift */ = {isa = PBXFileReference; lastKnownFileType = sourcecode.swift; path = HTTPMethod.swift; sourceTree = "<group>"; };
		E90F3FD52C3C8558009C193B /* Constants.swift */ = {isa = PBXFileReference; lastKnownFileType = sourcecode.swift; path = Constants.swift; sourceTree = "<group>"; };
		E90F3FD72C3C864C009C193B /* NewsfeedService.swift */ = {isa = PBXFileReference; lastKnownFileType = sourcecode.swift; path = NewsfeedService.swift; sourceTree = "<group>"; };
		E90F3FDA2C3C869E009C193B /* NewsfeedItemModel.swift */ = {isa = PBXFileReference; lastKnownFileType = sourcecode.swift; path = NewsfeedItemModel.swift; sourceTree = "<group>"; };
		E90F3FDC2C3C8710009C193B /* NewsfeedListModel.swift */ = {isa = PBXFileReference; lastKnownFileType = sourcecode.swift; path = NewsfeedListModel.swift; sourceTree = "<group>"; };
		E90F3FE02C3C8B2D009C193B /* NewsfeedListViewModel.swift */ = {isa = PBXFileReference; lastKnownFileType = sourcecode.swift; path = NewsfeedListViewModel.swift; sourceTree = "<group>"; };
		E90F3FE22C3C8C36009C193B /* NewsfeedListView.swift */ = {isa = PBXFileReference; lastKnownFileType = sourcecode.swift; path = NewsfeedListView.swift; sourceTree = "<group>"; };
		E90F3FE52C3C8CFF009C193B /* NewsfeedListItemView.swift */ = {isa = PBXFileReference; lastKnownFileType = sourcecode.swift; path = NewsfeedListItemView.swift; sourceTree = "<group>"; };
		E90F3FE72C3C8D10009C193B /* NewsfeedListItemViewModel.swift */ = {isa = PBXFileReference; lastKnownFileType = sourcecode.swift; path = NewsfeedListItemViewModel.swift; sourceTree = "<group>"; };
		E90F3FEA2C3C9BFD009C193B /* PageListViewModel.swift */ = {isa = PBXFileReference; lastKnownFileType = sourcecode.swift; path = PageListViewModel.swift; sourceTree = "<group>"; };
		E90F3FEC2C3CA143009C193B /* PageListView.swift */ = {isa = PBXFileReference; lastKnownFileType = sourcecode.swift; path = PageListView.swift; sourceTree = "<group>"; };
		E90F3FF22C3D5BA2009C193B /* PaginationButton.swift */ = {isa = PBXFileReference; lastKnownFileType = sourcecode.swift; path = PaginationButton.swift; sourceTree = "<group>"; };
		E90F3FF42C3D5CD4009C193B /* PaginationControlButton.swift */ = {isa = PBXFileReference; lastKnownFileType = sourcecode.swift; path = PaginationControlButton.swift; sourceTree = "<group>"; };
		E90F3FF62C3D61AC009C193B /* PaginationView.swift */ = {isa = PBXFileReference; lastKnownFileType = sourcecode.swift; path = PaginationView.swift; sourceTree = "<group>"; };
		E90F3FF82C3D7067009C193B /* ImageLoader.swift */ = {isa = PBXFileReference; lastKnownFileType = sourcecode.swift; path = ImageLoader.swift; sourceTree = "<group>"; };
		E90F3FFA2C3D7092009C193B /* Logger.swift */ = {isa = PBXFileReference; lastKnownFileType = sourcecode.swift; path = Logger.swift; sourceTree = "<group>"; };
		E90F3FFC2C3D70B7009C193B /* LocalFileManager.swift */ = {isa = PBXFileReference; lastKnownFileType = sourcecode.swift; path = LocalFileManager.swift; sourceTree = "<group>"; };
		E90F3FFE2C3D7BD1009C193B /* TagView.swift */ = {isa = PBXFileReference; lastKnownFileType = sourcecode.swift; path = TagView.swift; sourceTree = "<group>"; };
		E90F40012C3D87E8009C193B /* String.swift */ = {isa = PBXFileReference; lastKnownFileType = sourcecode.swift; path = String.swift; sourceTree = "<group>"; };
		E90F40052C3D8E70009C193B /* NetworkMonitor.swift */ = {isa = PBXFileReference; lastKnownFileType = sourcecode.swift; path = NetworkMonitor.swift; sourceTree = "<group>"; };
		E90F40082C3D8F74009C193B /* OnNetworkChangeModifier.swift */ = {isa = PBXFileReference; lastKnownFileType = sourcecode.swift; path = OnNetworkChangeModifier.swift; sourceTree = "<group>"; };
		E90F400A2C3D92D6009C193B /* ShimmerView.swift */ = {isa = PBXFileReference; lastKnownFileType = sourcecode.swift; path = ShimmerView.swift; sourceTree = "<group>"; };
/* End PBXFileReference section */

/* Begin PBXFrameworksBuildPhase section */
		E90F3FAF2C3C834A009C193B /* Frameworks */ = {
			isa = PBXFrameworksBuildPhase;
			buildActionMask = 2147483647;
			files = (
			);
			runOnlyForDeploymentPostprocessing = 0;
		};
/* End PBXFrameworksBuildPhase section */

/* Begin PBXGroup section */
		E90F3FA92C3C834A009C193B = {
			isa = PBXGroup;
			children = (
				E90F3FB42C3C834A009C193B /* Autonews */,
				E90F3FB32C3C834A009C193B /* Products */,
			);
			sourceTree = "<group>";
		};
		E90F3FB32C3C834A009C193B /* Products */ = {
			isa = PBXGroup;
			children = (
				E90F3FB22C3C834A009C193B /* Autonews.app */,
			);
			name = Products;
			sourceTree = "<group>";
		};
		E90F3FB42C3C834A009C193B /* Autonews */ = {
			isa = PBXGroup;
			children = (
				E90F3FDE2C3C884B009C193B /* UILibrary */,
				E90F3FC72C3C8411009C193B /* NetworkLayer */,
				E90F3FC52C3C83FF009C193B /* Utils */,
				E90F3FC42C3C83F3009C193B /* Resources */,
				E90F3FC32C3C83EA009C193B /* Core */,
				E90F3FB52C3C834A009C193B /* AutonewsApp.swift */,
				E90F3FB72C3C834A009C193B /* ContentView.swift */,
				E90F3FB92C3C834D009C193B /* Assets.xcassets */,
				E90F3FBB2C3C834D009C193B /* Preview Content */,
			);
			path = Autonews;
			sourceTree = "<group>";
		};
		E90F3FBB2C3C834D009C193B /* Preview Content */ = {
			isa = PBXGroup;
			children = (
				E90F3FBC2C3C834D009C193B /* Preview Assets.xcassets */,
			);
			path = "Preview Content";
			sourceTree = "<group>";
		};
		E90F3FC32C3C83EA009C193B /* Core */ = {
			isa = PBXGroup;
			children = (
				E90F3FDF2C3C8B02009C193B /* NewsfeedList */,
			);
			path = Core;
			sourceTree = "<group>";
		};
		E90F3FC42C3C83F3009C193B /* Resources */ = {
			isa = PBXGroup;
			children = (
				E90F40072C3D8F5F009C193B /* Modifiers */,
				E90F40002C3D87DE009C193B /* Extensions */,
				E90F3FD22C3C8515009C193B /* Enums */,
			);
			path = Resources;
			sourceTree = "<group>";
		};
		E90F3FC52C3C83FF009C193B /* Utils */ = {
			isa = PBXGroup;
			children = (
				E90F3FF82C3D7067009C193B /* ImageLoader.swift */,
				E90F3FFA2C3D7092009C193B /* Logger.swift */,
				E90F40052C3D8E70009C193B /* NetworkMonitor.swift */,
				E90F3FFC2C3D70B7009C193B /* LocalFileManager.swift */,
			);
			path = Utils;
			sourceTree = "<group>";
		};
		E90F3FC62C3C8406009C193B /* Services */ = {
			isa = PBXGroup;
			children = (
				E90F3FC82C3C843D009C193B /* NetworkingService.swift */,
				E90F3FCA2C3C8445009C193B /* APIService.swift */,
				E90F3FD72C3C864C009C193B /* NewsfeedService.swift */,
			);
			path = Services;
			sourceTree = "<group>";
		};
		E90F3FC72C3C8411009C193B /* NetworkLayer */ = {
			isa = PBXGroup;
			children = (
				E90F3FD92C3C868A009C193B /* Models */,
				E90F3FC62C3C8406009C193B /* Services */,
			);
			path = NetworkLayer;
			sourceTree = "<group>";
		};
		E90F3FD22C3C8515009C193B /* Enums */ = {
			isa = PBXGroup;
			children = (
				E90F3FD32C3C8541009C193B /* HTTPMethod.swift */,
				E90F3FD52C3C8558009C193B /* Constants.swift */,
			);
			path = Enums;
			sourceTree = "<group>";
		};
		E90F3FD92C3C868A009C193B /* Models */ = {
			isa = PBXGroup;
			children = (
				E90F3FD02C3C8462009C193B /* QueryParameter.swift */,
				E90F3FCE2C3C8455009C193B /* Endpoint.swift */,
				E90F3FDA2C3C869E009C193B /* NewsfeedItemModel.swift */,
				E90F3FDC2C3C8710009C193B /* NewsfeedListModel.swift */,
			);
			path = Models;
			sourceTree = "<group>";
		};
		E90F3FDE2C3C884B009C193B /* UILibrary */ = {
			isa = PBXGroup;
			children = (
				E90F3FF12C3D5B8F009C193B /* PaginationControls */,
				E90F3FE92C3C9BC6009C193B /* PageList */,
				E90F3FFE2C3D7BD1009C193B /* TagView.swift */,
				E90F400A2C3D92D6009C193B /* ShimmerView.swift */,
			);
			path = UILibrary;
			sourceTree = "<group>";
		};
		E90F3FDF2C3C8B02009C193B /* NewsfeedList */ = {
			isa = PBXGroup;
			children = (
				E90F3FE42C3C8CEE009C193B /* NewsfeedListItem */,
				E90F3FE02C3C8B2D009C193B /* NewsfeedListViewModel.swift */,
				E90F3FE22C3C8C36009C193B /* NewsfeedListView.swift */,
			);
			path = NewsfeedList;
			sourceTree = "<group>";
		};
		E90F3FE42C3C8CEE009C193B /* NewsfeedListItem */ = {
			isa = PBXGroup;
			children = (
				E90F3FE52C3C8CFF009C193B /* NewsfeedListItemView.swift */,
				E90F3FE72C3C8D10009C193B /* NewsfeedListItemViewModel.swift */,
			);
			path = NewsfeedListItem;
			sourceTree = "<group>";
		};
		E90F3FE92C3C9BC6009C193B /* PageList */ = {
			isa = PBXGroup;
			children = (
				E90F3FEA2C3C9BFD009C193B /* PageListViewModel.swift */,
				E90F3FEC2C3CA143009C193B /* PageListView.swift */,
			);
			path = PageList;
			sourceTree = "<group>";
		};
		E90F3FF12C3D5B8F009C193B /* PaginationControls */ = {
			isa = PBXGroup;
			children = (
				E90F3FF22C3D5BA2009C193B /* PaginationButton.swift */,
				E90F3FF42C3D5CD4009C193B /* PaginationControlButton.swift */,
				E90F3FF62C3D61AC009C193B /* PaginationView.swift */,
			);
			path = PaginationControls;
			sourceTree = "<group>";
		};
		E90F40002C3D87DE009C193B /* Extensions */ = {
			isa = PBXGroup;
			children = (
				E90F40012C3D87E8009C193B /* String.swift */,
			);
			path = Extensions;
			sourceTree = "<group>";
		};
		E90F40072C3D8F5F009C193B /* Modifiers */ = {
			isa = PBXGroup;
			children = (
				E90F40082C3D8F74009C193B /* OnNetworkChangeModifier.swift */,
			);
			path = Modifiers;
			sourceTree = "<group>";
		};
/* End PBXGroup section */

/* Begin PBXNativeTarget section */
		E90F3FB12C3C834A009C193B /* Autonews */ = {
			isa = PBXNativeTarget;
			buildConfigurationList = E90F3FC02C3C834D009C193B /* Build configuration list for PBXNativeTarget "Autonews" */;
			buildPhases = (
				E90F3FAE2C3C834A009C193B /* Sources */,
				E90F3FAF2C3C834A009C193B /* Frameworks */,
				E90F3FB02C3C834A009C193B /* Resources */,
			);
			buildRules = (
			);
			dependencies = (
			);
			name = Autonews;
			productName = Autonews;
			productReference = E90F3FB22C3C834A009C193B /* Autonews.app */;
			productType = "com.apple.product-type.application";
		};
/* End PBXNativeTarget section */

/* Begin PBXProject section */
		E90F3FAA2C3C834A009C193B /* Project object */ = {
			isa = PBXProject;
			attributes = {
				BuildIndependentTargetsInParallel = 1;
				LastSwiftUpdateCheck = 1520;
				LastUpgradeCheck = 1520;
				TargetAttributes = {
					E90F3FB12C3C834A009C193B = {
						CreatedOnToolsVersion = 15.2;
					};
				};
			};
			buildConfigurationList = E90F3FAD2C3C834A009C193B /* Build configuration list for PBXProject "Autonews" */;
			compatibilityVersion = "Xcode 14.0";
			developmentRegion = en;
			hasScannedForEncodings = 0;
			knownRegions = (
				en,
				Base,
			);
			mainGroup = E90F3FA92C3C834A009C193B;
			productRefGroup = E90F3FB32C3C834A009C193B /* Products */;
			projectDirPath = "";
			projectRoot = "";
			targets = (
				E90F3FB12C3C834A009C193B /* Autonews */,
			);
		};
/* End PBXProject section */

/* Begin PBXResourcesBuildPhase section */
		E90F3FB02C3C834A009C193B /* Resources */ = {
			isa = PBXResourcesBuildPhase;
			buildActionMask = 2147483647;
			files = (
				E90F3FBD2C3C834D009C193B /* Preview Assets.xcassets in Resources */,
				E90F3FBA2C3C834D009C193B /* Assets.xcassets in Resources */,
			);
			runOnlyForDeploymentPostprocessing = 0;
		};
/* End PBXResourcesBuildPhase section */

/* Begin PBXSourcesBuildPhase section */
		E90F3FAE2C3C834A009C193B /* Sources */ = {
			isa = PBXSourcesBuildPhase;
			buildActionMask = 2147483647;
			files = (
				E90F3FC92C3C843D009C193B /* NetworkingService.swift in Sources */,
				E90F3FFB2C3D7092009C193B /* Logger.swift in Sources */,
				E90F3FF32C3D5BA2009C193B /* PaginationButton.swift in Sources */,
				E90F3FB82C3C834A009C193B /* ContentView.swift in Sources */,
				E90F3FDD2C3C8710009C193B /* NewsfeedListModel.swift in Sources */,
				E90F3FCB2C3C8445009C193B /* APIService.swift in Sources */,
				E90F3FED2C3CA143009C193B /* PageListView.swift in Sources */,
				E90F3FD12C3C8462009C193B /* QueryParameter.swift in Sources */,
				E90F40092C3D8F74009C193B /* OnNetworkChangeModifier.swift in Sources */,
				E90F3FD42C3C8541009C193B /* HTTPMethod.swift in Sources */,
				E90F40062C3D8E70009C193B /* NetworkMonitor.swift in Sources */,
				E90F3FF72C3D61AC009C193B /* PaginationView.swift in Sources */,
				E90F3FE32C3C8C36009C193B /* NewsfeedListView.swift in Sources */,
				E90F3FEB2C3C9BFD009C193B /* PageListViewModel.swift in Sources */,
				E90F3FD82C3C864C009C193B /* NewsfeedService.swift in Sources */,
				E90F3FF52C3D5CD4009C193B /* PaginationControlButton.swift in Sources */,
				E90F3FE12C3C8B2D009C193B /* NewsfeedListViewModel.swift in Sources */,
				E90F3FF92C3D7067009C193B /* ImageLoader.swift in Sources */,
				E90F3FCF2C3C8455009C193B /* Endpoint.swift in Sources */,
				E90F40022C3D87E9009C193B /* String.swift in Sources */,
				E90F3FE62C3C8CFF009C193B /* NewsfeedListItemView.swift in Sources */,
				E90F3FB62C3C834A009C193B /* AutonewsApp.swift in Sources */,
				E90F3FD62C3C8558009C193B /* Constants.swift in Sources */,
				E90F3FDB2C3C869E009C193B /* NewsfeedItemModel.swift in Sources */,
				E90F400B2C3D92D6009C193B /* ShimmerView.swift in Sources */,
				E90F3FE82C3C8D10009C193B /* NewsfeedListItemViewModel.swift in Sources */,
				E90F3FFD2C3D70B7009C193B /* LocalFileManager.swift in Sources */,
				E90F3FFF2C3D7BD1009C193B /* TagView.swift in Sources */,
			);
			runOnlyForDeploymentPostprocessing = 0;
		};
/* End PBXSourcesBuildPhase section */

/* Begin XCBuildConfiguration section */
		E90F3FBE2C3C834D009C193B /* Debug */ = {
			isa = XCBuildConfiguration;
			buildSettings = {
				ALWAYS_SEARCH_USER_PATHS = NO;
				ASSETCATALOG_COMPILER_GENERATE_SWIFT_ASSET_SYMBOL_EXTENSIONS = YES;
				CLANG_ANALYZER_NONNULL = YES;
				CLANG_ANALYZER_NUMBER_OBJECT_CONVERSION = YES_AGGRESSIVE;
				CLANG_CXX_LANGUAGE_STANDARD = "gnu++20";
				CLANG_ENABLE_MODULES = YES;
				CLANG_ENABLE_OBJC_ARC = YES;
				CLANG_ENABLE_OBJC_WEAK = YES;
				CLANG_WARN_BLOCK_CAPTURE_AUTORELEASING = YES;
				CLANG_WARN_BOOL_CONVERSION = YES;
				CLANG_WARN_COMMA = YES;
				CLANG_WARN_CONSTANT_CONVERSION = YES;
				CLANG_WARN_DEPRECATED_OBJC_IMPLEMENTATIONS = YES;
				CLANG_WARN_DIRECT_OBJC_ISA_USAGE = YES_ERROR;
				CLANG_WARN_DOCUMENTATION_COMMENTS = YES;
				CLANG_WARN_EMPTY_BODY = YES;
				CLANG_WARN_ENUM_CONVERSION = YES;
				CLANG_WARN_INFINITE_RECURSION = YES;
				CLANG_WARN_INT_CONVERSION = YES;
				CLANG_WARN_NON_LITERAL_NULL_CONVERSION = YES;
				CLANG_WARN_OBJC_IMPLICIT_RETAIN_SELF = YES;
				CLANG_WARN_OBJC_LITERAL_CONVERSION = YES;
				CLANG_WARN_OBJC_ROOT_CLASS = YES_ERROR;
				CLANG_WARN_QUOTED_INCLUDE_IN_FRAMEWORK_HEADER = YES;
				CLANG_WARN_RANGE_LOOP_ANALYSIS = YES;
				CLANG_WARN_STRICT_PROTOTYPES = YES;
				CLANG_WARN_SUSPICIOUS_MOVE = YES;
				CLANG_WARN_UNGUARDED_AVAILABILITY = YES_AGGRESSIVE;
				CLANG_WARN_UNREACHABLE_CODE = YES;
				CLANG_WARN__DUPLICATE_METHOD_MATCH = YES;
				COPY_PHASE_STRIP = NO;
				DEBUG_INFORMATION_FORMAT = dwarf;
				ENABLE_STRICT_OBJC_MSGSEND = YES;
				ENABLE_TESTABILITY = YES;
				ENABLE_USER_SCRIPT_SANDBOXING = YES;
				GCC_C_LANGUAGE_STANDARD = gnu17;
				GCC_DYNAMIC_NO_PIC = NO;
				GCC_NO_COMMON_BLOCKS = YES;
				GCC_OPTIMIZATION_LEVEL = 0;
				GCC_PREPROCESSOR_DEFINITIONS = (
					"DEBUG=1",
					"$(inherited)",
				);
				GCC_WARN_64_TO_32_BIT_CONVERSION = YES;
				GCC_WARN_ABOUT_RETURN_TYPE = YES_ERROR;
				GCC_WARN_UNDECLARED_SELECTOR = YES;
				GCC_WARN_UNINITIALIZED_AUTOS = YES_AGGRESSIVE;
				GCC_WARN_UNUSED_FUNCTION = YES;
				GCC_WARN_UNUSED_VARIABLE = YES;
				IPHONEOS_DEPLOYMENT_TARGET = 17.2;
				LOCALIZATION_PREFERS_STRING_CATALOGS = YES;
				MTL_ENABLE_DEBUG_INFO = INCLUDE_SOURCE;
				MTL_FAST_MATH = YES;
				ONLY_ACTIVE_ARCH = YES;
				SDKROOT = iphoneos;
				SWIFT_ACTIVE_COMPILATION_CONDITIONS = "DEBUG $(inherited)";
				SWIFT_OPTIMIZATION_LEVEL = "-Onone";
			};
			name = Debug;
		};
		E90F3FBF2C3C834D009C193B /* Release */ = {
			isa = XCBuildConfiguration;
			buildSettings = {
				ALWAYS_SEARCH_USER_PATHS = NO;
				ASSETCATALOG_COMPILER_GENERATE_SWIFT_ASSET_SYMBOL_EXTENSIONS = YES;
				CLANG_ANALYZER_NONNULL = YES;
				CLANG_ANALYZER_NUMBER_OBJECT_CONVERSION = YES_AGGRESSIVE;
				CLANG_CXX_LANGUAGE_STANDARD = "gnu++20";
				CLANG_ENABLE_MODULES = YES;
				CLANG_ENABLE_OBJC_ARC = YES;
				CLANG_ENABLE_OBJC_WEAK = YES;
				CLANG_WARN_BLOCK_CAPTURE_AUTORELEASING = YES;
				CLANG_WARN_BOOL_CONVERSION = YES;
				CLANG_WARN_COMMA = YES;
				CLANG_WARN_CONSTANT_CONVERSION = YES;
				CLANG_WARN_DEPRECATED_OBJC_IMPLEMENTATIONS = YES;
				CLANG_WARN_DIRECT_OBJC_ISA_USAGE = YES_ERROR;
				CLANG_WARN_DOCUMENTATION_COMMENTS = YES;
				CLANG_WARN_EMPTY_BODY = YES;
				CLANG_WARN_ENUM_CONVERSION = YES;
				CLANG_WARN_INFINITE_RECURSION = YES;
				CLANG_WARN_INT_CONVERSION = YES;
				CLANG_WARN_NON_LITERAL_NULL_CONVERSION = YES;
				CLANG_WARN_OBJC_IMPLICIT_RETAIN_SELF = YES;
				CLANG_WARN_OBJC_LITERAL_CONVERSION = YES;
				CLANG_WARN_OBJC_ROOT_CLASS = YES_ERROR;
				CLANG_WARN_QUOTED_INCLUDE_IN_FRAMEWORK_HEADER = YES;
				CLANG_WARN_RANGE_LOOP_ANALYSIS = YES;
				CLANG_WARN_STRICT_PROTOTYPES = YES;
				CLANG_WARN_SUSPICIOUS_MOVE = YES;
				CLANG_WARN_UNGUARDED_AVAILABILITY = YES_AGGRESSIVE;
				CLANG_WARN_UNREACHABLE_CODE = YES;
				CLANG_WARN__DUPLICATE_METHOD_MATCH = YES;
				COPY_PHASE_STRIP = NO;
				DEBUG_INFORMATION_FORMAT = "dwarf-with-dsym";
				ENABLE_NS_ASSERTIONS = NO;
				ENABLE_STRICT_OBJC_MSGSEND = YES;
				ENABLE_USER_SCRIPT_SANDBOXING = YES;
				GCC_C_LANGUAGE_STANDARD = gnu17;
				GCC_NO_COMMON_BLOCKS = YES;
				GCC_WARN_64_TO_32_BIT_CONVERSION = YES;
				GCC_WARN_ABOUT_RETURN_TYPE = YES_ERROR;
				GCC_WARN_UNDECLARED_SELECTOR = YES;
				GCC_WARN_UNINITIALIZED_AUTOS = YES_AGGRESSIVE;
				GCC_WARN_UNUSED_FUNCTION = YES;
				GCC_WARN_UNUSED_VARIABLE = YES;
				IPHONEOS_DEPLOYMENT_TARGET = 17.2;
				LOCALIZATION_PREFERS_STRING_CATALOGS = YES;
				MTL_ENABLE_DEBUG_INFO = NO;
				MTL_FAST_MATH = YES;
				SDKROOT = iphoneos;
				SWIFT_COMPILATION_MODE = wholemodule;
				VALIDATE_PRODUCT = YES;
			};
			name = Release;
		};
		E90F3FC12C3C834D009C193B /* Debug */ = {
			isa = XCBuildConfiguration;
			buildSettings = {
				ASSETCATALOG_COMPILER_APPICON_NAME = AppIcon;
				ASSETCATALOG_COMPILER_GLOBAL_ACCENT_COLOR_NAME = AccentColor;
				CODE_SIGN_STYLE = Automatic;
				CURRENT_PROJECT_VERSION = 1;
				DEVELOPMENT_ASSET_PATHS = "\"Autonews/Preview Content\"";
				DEVELOPMENT_TEAM = 3V7H9MP56S;
				ENABLE_PREVIEWS = YES;
				GENERATE_INFOPLIST_FILE = YES;
				INFOPLIST_KEY_UIApplicationSceneManifest_Generation = YES;
				INFOPLIST_KEY_UIApplicationSupportsIndirectInputEvents = YES;
				INFOPLIST_KEY_UILaunchScreen_Generation = YES;
				INFOPLIST_KEY_UISupportedInterfaceOrientations_iPad = "UIInterfaceOrientationPortrait UIInterfaceOrientationPortraitUpsideDown UIInterfaceOrientationLandscapeLeft UIInterfaceOrientationLandscapeRight";
				INFOPLIST_KEY_UISupportedInterfaceOrientations_iPhone = "UIInterfaceOrientationPortrait UIInterfaceOrientationLandscapeLeft UIInterfaceOrientationLandscapeRight";
				IPHONEOS_DEPLOYMENT_TARGET = 16.0;
				LD_RUNPATH_SEARCH_PATHS = (
					"$(inherited)",
					"@executable_path/Frameworks",
				);
				MARKETING_VERSION = 1.0;
				PRODUCT_BUNDLE_IDENTIFIER = com.brave.Autonews;
				PRODUCT_NAME = "$(TARGET_NAME)";
				SWIFT_EMIT_LOC_STRINGS = YES;
				SWIFT_VERSION = 5.0;
				TARGETED_DEVICE_FAMILY = "1,2";
			};
			name = Debug;
		};
		E90F3FC22C3C834D009C193B /* Release */ = {
			isa = XCBuildConfiguration;
			buildSettings = {
				ASSETCATALOG_COMPILER_APPICON_NAME = AppIcon;
				ASSETCATALOG_COMPILER_GLOBAL_ACCENT_COLOR_NAME = AccentColor;
				CODE_SIGN_STYLE = Automatic;
				CURRENT_PROJECT_VERSION = 1;
				DEVELOPMENT_ASSET_PATHS = "\"Autonews/Preview Content\"";
				DEVELOPMENT_TEAM = 3V7H9MP56S;
				ENABLE_PREVIEWS = YES;
				GENERATE_INFOPLIST_FILE = YES;
				INFOPLIST_KEY_UIApplicationSceneManifest_Generation = YES;
				INFOPLIST_KEY_UIApplicationSupportsIndirectInputEvents = YES;
				INFOPLIST_KEY_UILaunchScreen_Generation = YES;
				INFOPLIST_KEY_UISupportedInterfaceOrientations_iPad = "UIInterfaceOrientationPortrait UIInterfaceOrientationPortraitUpsideDown UIInterfaceOrientationLandscapeLeft UIInterfaceOrientationLandscapeRight";
				INFOPLIST_KEY_UISupportedInterfaceOrientations_iPhone = "UIInterfaceOrientationPortrait UIInterfaceOrientationLandscapeLeft UIInterfaceOrientationLandscapeRight";
				IPHONEOS_DEPLOYMENT_TARGET = 16.0;
				LD_RUNPATH_SEARCH_PATHS = (
					"$(inherited)",
					"@executable_path/Frameworks",
				);
				MARKETING_VERSION = 1.0;
				PRODUCT_BUNDLE_IDENTIFIER = com.brave.Autonews;
				PRODUCT_NAME = "$(TARGET_NAME)";
				SWIFT_EMIT_LOC_STRINGS = YES;
				SWIFT_VERSION = 5.0;
				TARGETED_DEVICE_FAMILY = "1,2";
			};
			name = Release;
		};
/* End XCBuildConfiguration section */

/* Begin XCConfigurationList section */
		E90F3FAD2C3C834A009C193B /* Build configuration list for PBXProject "Autonews" */ = {
			isa = XCConfigurationList;
			buildConfigurations = (
				E90F3FBE2C3C834D009C193B /* Debug */,
				E90F3FBF2C3C834D009C193B /* Release */,
			);
			defaultConfigurationIsVisible = 0;
			defaultConfigurationName = Release;
		};
		E90F3FC02C3C834D009C193B /* Build configuration list for PBXNativeTarget "Autonews" */ = {
			isa = XCConfigurationList;
			buildConfigurations = (
				E90F3FC12C3C834D009C193B /* Debug */,
				E90F3FC22C3C834D009C193B /* Release */,
			);
			defaultConfigurationIsVisible = 0;
			defaultConfigurationName = Release;
		};
/* End XCConfigurationList section */
	};
	rootObject = E90F3FAA2C3C834A009C193B /* Project object */;
}
